
Microsoft Visual Studio Solution File, Format Version 12.00
# Visual Studio Version 17
VisualStudioVersion = 17.10.35027.167
MinimumVisualStudioVersion = 10.0.40219.1
Project("{9A19103F-16F7-4668-BE54-9A1E7A4F7556}") = "CodeGram", "CodeGram\CodeGram.csproj", "{A9C11C57-8141-4131-868A-7B0EB67C5567}"
EndProject
Project("{FAE04EC0-301F-11D3-BF4B-00C04F79EFBC}") = "CodeGram.Data", "CodeGram.Data\CodeGram.Data.csproj", "{0A09D65F-4F6D-4C9D-9D7D-C3C3EB91E55D}"
EndProject
Global
	GlobalSection(SolutionConfigurationPlatforms) = preSolution
		Debug|Any CPU = Debug|Any CPU
		Release|Any CPU = Release|Any CPU
	EndGlobalSection
	GlobalSection(ProjectConfigurationPlatforms) = postSolution
		{A9C11C57-8141-4131-868A-7B0EB67C5567}.Debug|Any CPU.ActiveCfg = Debug|Any CPU
		{A9C11C57-8141-4131-868A-7B0EB67C5567}.Debug|Any CPU.Build.0 = Debug|Any CPU
		{A9C11C57-8141-4131-868A-7B0EB67C5567}.Release|Any CPU.ActiveCfg = Release|Any CPU
		{A9C11C57-8141-4131-868A-7B0EB67C5567}.Release|Any CPU.Build.0 = Release|Any CPU
		{0A09D65F-4F6D-4C9D-9D7D-C3C3EB91E55D}.Debug|Any CPU.ActiveCfg = Debug|Any CPU
		{0A09D65F-4F6D-4C9D-9D7D-C3C3EB91E55D}.Debug|Any CPU.Build.0 = Debug|Any CPU
		{0A09D65F-4F6D-4C9D-9D7D-C3C3EB91E55D}.Release|Any CPU.ActiveCfg = Release|Any CPU
		{0A09D65F-4F6D-4C9D-9D7D-C3C3EB91E55D}.Release|Any CPU.Build.0 = Release|Any CPU
	EndGlobalSection
	GlobalSection(SolutionProperties) = preSolution
		HideSolutionNode = FALSE
	EndGlobalSection
	GlobalSection(ExtensibilityGlobals) = postSolution
		SolutionGuid = {4323919F-BFF2-4723-B604-88C11C1FC4DB}
	EndGlobalSection
EndGlobal
